// !$*UTF8*$!
{
	archiveVersion = 1;
	classes = {
	};
	objectVersion = 50;
	objects = {

/* Begin PBXBuildFile section */
		C068799125C3C0FE0080F673 /* AppDelegate.swift in Sources */ = {isa = PBXBuildFile; fileRef = C068799025C3C0FE0080F673 /* AppDelegate.swift */; };
		C068799325C3C0FE0080F673 /* SceneDelegate.swift in Sources */ = {isa = PBXBuildFile; fileRef = C068799225C3C0FE0080F673 /* SceneDelegate.swift */; };
		C068799525C3C0FE0080F673 /* ViewController.swift in Sources */ = {isa = PBXBuildFile; fileRef = C068799425C3C0FE0080F673 /* ViewController.swift */; };
		C068799825C3C0FE0080F673 /* Main.storyboard in Resources */ = {isa = PBXBuildFile; fileRef = C068799625C3C0FE0080F673 /* Main.storyboard */; };
		C068799A25C3C1010080F673 /* Assets.xcassets in Resources */ = {isa = PBXBuildFile; fileRef = C068799925C3C1010080F673 /* Assets.xcassets */; };
		C068799D25C3C1010080F673 /* LaunchScreen.storyboard in Resources */ = {isa = PBXBuildFile; fileRef = C068799B25C3C1010080F673 /* LaunchScreen.storyboard */; };
		C06879A825C3C1010080F673 /* JsonLocalParseTests.swift in Sources */ = {isa = PBXBuildFile; fileRef = C06879A725C3C1010080F673 /* JsonLocalParseTests.swift */; };
		C06879B325C3C1010080F673 /* JsonLocalParseUITests.swift in Sources */ = {isa = PBXBuildFile; fileRef = C06879B225C3C1010080F673 /* JsonLocalParseUITests.swift */; };
		C06879C425C3C11E0080F673 /* fruits.json in Resources */ = {isa = PBXBuildFile; fileRef = C06879C325C3C11E0080F673 /* fruits.json */; };
		C06879C925C3C2AE0080F673 /* fruitTableViewController.swift in Sources */ = {isa = PBXBuildFile; fileRef = C06879C825C3C2AE0080F673 /* fruitTableViewController.swift */; };
		C06879CE25C3C2E30080F673 /* fruits.swift in Sources */ = {isa = PBXBuildFile; fileRef = C06879CD25C3C2E30080F673 /* fruits.swift */; };
/* End PBXBuildFile section */

/* Begin PBXContainerItemProxy section */
		C06879A425C3C1010080F673 /* PBXContainerItemProxy */ = {
			isa = PBXContainerItemProxy;
			containerPortal = C068798525C3C0FE0080F673 /* Project object */;
			proxyType = 1;
			remoteGlobalIDString = C068798C25C3C0FE0080F673;
			remoteInfo = JsonLocalParse;
		};
		C06879AF25C3C1010080F673 /* PBXContainerItemProxy */ = {
			isa = PBXContainerItemProxy;
			containerPortal = C068798525C3C0FE0080F673 /* Project object */;
			proxyType = 1;
			remoteGlobalIDString = C068798C25C3C0FE0080F673;
			remoteInfo = JsonLocalParse;
		};
/* End PBXContainerItemProxy section */

/* Begin PBXFileReference section */
		C068798D25C3C0FE0080F673 /* JsonLocalParse.app */ = {isa = PBXFileReference; explicitFileType = wrapper.application; includeInIndex = 0; path = JsonLocalParse.app; sourceTree = BUILT_PRODUCTS_DIR; };
		C068799025C3C0FE0080F673 /* AppDelegate.swift */ = {isa = PBXFileReference; lastKnownFileType = sourcecode.swift; path = AppDelegate.swift; sourceTree = "<group>"; };
		C068799225C3C0FE0080F673 /* SceneDelegate.swift */ = {isa = PBXFileReference; lastKnownFileType = sourcecode.swift; path = SceneDelegate.swift; sourceTree = "<group>"; };
		C068799425C3C0FE0080F673 /* ViewController.swift */ = {isa = PBXFileReference; lastKnownFileType = sourcecode.swift; path = ViewController.swift; sourceTree = "<group>"; };
		C068799725C3C0FE0080F673 /* Base */ = {isa = PBXFileReference; lastKnownFileType = file.storyboard; name = Base; path = Base.lproj/Main.storyboard; sourceTree = "<group>"; };
		C068799925C3C1010080F673 /* Assets.xcassets */ = {isa = PBXFileReference; lastKnownFileType = folder.assetcatalog; path = Assets.xcassets; sourceTree = "<group>"; };
		C068799C25C3C1010080F673 /* Base */ = {isa = PBXFileReference; lastKnownFileType = file.storyboard; name = Base; path = Base.lproj/LaunchScreen.storyboard; sourceTree = "<group>"; };
		C068799E25C3C1010080F673 /* Info.plist */ = {isa = PBXFileReference; lastKnownFileType = text.plist.xml; path = Info.plist; sourceTree = "<group>"; };
		C06879A325C3C1010080F673 /* JsonLocalParseTests.xctest */ = {isa = PBXFileReference; explicitFileType = wrapper.cfbundle; includeInIndex = 0; path = JsonLocalParseTests.xctest; sourceTree = BUILT_PRODUCTS_DIR; };
		C06879A725C3C1010080F673 /* JsonLocalParseTests.swift */ = {isa = PBXFileReference; lastKnownFileType = sourcecode.swift; path = JsonLocalParseTests.swift; sourceTree = "<group>"; };
		C06879A925C3C1010080F673 /* Info.plist */ = {isa = PBXFileReference; lastKnownFileType = text.plist.xml; path = Info.plist; sourceTree = "<group>"; };
		C06879AE25C3C1010080F673 /* JsonLocalParseUITests.xctest */ = {isa = PBXFileReference; explicitFileType = wrapper.cfbundle; includeInIndex = 0; path = JsonLocalParseUITests.xctest; sourceTree = BUILT_PRODUCTS_DIR; };
		C06879B225C3C1010080F673 /* JsonLocalParseUITests.swift */ = {isa = PBXFileReference; lastKnownFileType = sourcecode.swift; path = JsonLocalParseUITests.swift; sourceTree = "<group>"; };
		C06879B425C3C1010080F673 /* Info.plist */ = {isa = PBXFileReference; lastKnownFileType = text.plist.xml; path = Info.plist; sourceTree = "<group>"; };
		C06879C325C3C11E0080F673 /* fruits.json */ = {isa = PBXFileReference; lastKnownFileType = text.json; path = fruits.json; sourceTree = "<group>"; };
		C06879C825C3C2AE0080F673 /* fruitTableViewController.swift */ = {isa = PBXFileReference; lastKnownFileType = sourcecode.swift; path = fruitTableViewController.swift; sourceTree = "<group>"; };
		C06879CD25C3C2E30080F673 /* fruits.swift */ = {isa = PBXFileReference; lastKnownFileType = sourcecode.swift; path = fruits.swift; sourceTree = "<group>"; };
/* End PBXFileReference section */

/* Begin PBXFrameworksBuildPhase section */
		C068798A25C3C0FE0080F673 /* Frameworks */ = {
			isa = PBXFrameworksBuildPhase;
			buildActionMask = 2147483647;
			files = (
			);
			runOnlyForDeploymentPostprocessing = 0;
		};
		C06879A025C3C1010080F673 /* Frameworks */ = {
			isa = PBXFrameworksBuildPhase;
			buildActionMask = 2147483647;
			files = (
			);
			runOnlyForDeploymentPostprocessing = 0;
		};
		C06879AB25C3C1010080F673 /* Frameworks */ = {
			isa = PBXFrameworksBuildPhase;
			buildActionMask = 2147483647;
			files = (
			);
			runOnlyForDeploymentPostprocessing = 0;
		};
/* End PBXFrameworksBuildPhase section */

/* Begin PBXGroup section */
		C068798425C3C0FE0080F673 = {
			isa = PBXGroup;
			children = (
				C068798F25C3C0FE0080F673 /* JsonLocalParse */,
				C06879A625C3C1010080F673 /* JsonLocalParseTests */,
				C06879B125C3C1010080F673 /* JsonLocalParseUITests */,
				C068798E25C3C0FE0080F673 /* Products */,
			);
			sourceTree = "<group>";
		};
		C068798E25C3C0FE0080F673 /* Products */ = {
			isa = PBXGroup;
			children = (
				C068798D25C3C0FE0080F673 /* JsonLocalParse.app */,
				C06879A325C3C1010080F673 /* JsonLocalParseTests.xctest */,
				C06879AE25C3C1010080F673 /* JsonLocalParseUITests.xctest */,
			);
			name = Products;
			sourceTree = "<group>";
		};
		C068798F25C3C0FE0080F673 /* JsonLocalParse */ = {
			isa = PBXGroup;
			children = (
				C068799025C3C0FE0080F673 /* AppDelegate.swift */,
				C068799225C3C0FE0080F673 /* SceneDelegate.swift */,
				C068799425C3C0FE0080F673 /* ViewController.swift */,
				C068799625C3C0FE0080F673 /* Main.storyboard */,
				C06879C825C3C2AE0080F673 /* fruitTableViewController.swift */,
				C06879CD25C3C2E30080F673 /* fruits.swift */,
				C06879C325C3C11E0080F673 /* fruits.json */,
				C068799925C3C1010080F673 /* Assets.xcassets */,
				C068799B25C3C1010080F673 /* LaunchScreen.storyboard */,
				C068799E25C3C1010080F673 /* Info.plist */,
			);
			path = JsonLocalParse;
			sourceTree = "<group>";
		};
		C06879A625C3C1010080F673 /* JsonLocalParseTests */ = {
			isa = PBXGroup;
			children = (
				C06879A725C3C1010080F673 /* JsonLocalParseTests.swift */,
				C06879A925C3C1010080F673 /* Info.plist */,
			);
			path = JsonLocalParseTests;
			sourceTree = "<group>";
		};
		C06879B125C3C1010080F673 /* JsonLocalParseUITests */ = {
			isa = PBXGroup;
			children = (
				C06879B225C3C1010080F673 /* JsonLocalParseUITests.swift */,
				C06879B425C3C1010080F673 /* Info.plist */,
			);
			path = JsonLocalParseUITests;
			sourceTree = "<group>";
		};
/* End PBXGroup section */

/* Begin PBXNativeTarget section */
		C068798C25C3C0FE0080F673 /* JsonLocalParse */ = {
			isa = PBXNativeTarget;
			buildConfigurationList = C06879B725C3C1010080F673 /* Build configuration list for PBXNativeTarget "JsonLocalParse" */;
			buildPhases = (
				C068798925C3C0FE0080F673 /* Sources */,
				C068798A25C3C0FE0080F673 /* Frameworks */,
				C068798B25C3C0FE0080F673 /* Resources */,
			);
			buildRules = (
			);
			dependencies = (
			);
			name = JsonLocalParse;
			productName = JsonLocalParse;
			productReference = C068798D25C3C0FE0080F673 /* JsonLocalParse.app */;
			productType = "com.apple.product-type.application";
		};
		C06879A225C3C1010080F673 /* JsonLocalParseTests */ = {
			isa = PBXNativeTarget;
			buildConfigurationList = C06879BA25C3C1010080F673 /* Build configuration list for PBXNativeTarget "JsonLocalParseTests" */;
			buildPhases = (
				C068799F25C3C1010080F673 /* Sources */,
				C06879A025C3C1010080F673 /* Frameworks */,
				C06879A125C3C1010080F673 /* Resources */,
			);
			buildRules = (
			);
			dependencies = (
				C06879A525C3C1010080F673 /* PBXTargetDependency */,
			);
			name = JsonLocalParseTests;
			productName = JsonLocalParseTests;
			productReference = C06879A325C3C1010080F673 /* JsonLocalParseTests.xctest */;
			productType = "com.apple.product-type.bundle.unit-test";
		};
		C06879AD25C3C1010080F673 /* JsonLocalParseUITests */ = {
			isa = PBXNativeTarget;
			buildConfigurationList = C06879BD25C3C1010080F673 /* Build configuration list for PBXNativeTarget "JsonLocalParseUITests" */;
			buildPhases = (
				C06879AA25C3C1010080F673 /* Sources */,
				C06879AB25C3C1010080F673 /* Frameworks */,
				C06879AC25C3C1010080F673 /* Resources */,
			);
			buildRules = (
			);
			dependencies = (
				C06879B025C3C1010080F673 /* PBXTargetDependency */,
			);
			name = JsonLocalParseUITests;
			productName = JsonLocalParseUITests;
			productReference = C06879AE25C3C1010080F673 /* JsonLocalParseUITests.xctest */;
			productType = "com.apple.product-type.bundle.ui-testing";
		};
/* End PBXNativeTarget section */

/* Begin PBXProject section */
		C068798525C3C0FE0080F673 /* Project object */ = {
			isa = PBXProject;
			attributes = {
				LastSwiftUpdateCheck = 1230;
				LastUpgradeCheck = 1230;
				TargetAttributes = {
					C068798C25C3C0FE0080F673 = {
						CreatedOnToolsVersion = 12.3;
					};
					C06879A225C3C1010080F673 = {
						CreatedOnToolsVersion = 12.3;
						TestTargetID = C068798C25C3C0FE0080F673;
					};
					C06879AD25C3C1010080F673 = {
						CreatedOnToolsVersion = 12.3;
						TestTargetID = C068798C25C3C0FE0080F673;
					};
				};
			};
			buildConfigurationList = C068798825C3C0FE0080F673 /* Build configuration list for PBXProject "JsonLocalParse" */;
			compatibilityVersion = "Xcode 9.3";
			developmentRegion = en;
			hasScannedForEncodings = 0;
			knownRegions = (
				en,
				Base,
			);
			mainGroup = C068798425C3C0FE0080F673;
			productRefGroup = C068798E25C3C0FE0080F673 /* Products */;
			projectDirPath = "";
			projectRoot = "";
			targets = (
				C068798C25C3C0FE0080F673 /* JsonLocalParse */,
				C06879A225C3C1010080F673 /* JsonLocalParseTests */,
				C06879AD25C3C1010080F673 /* JsonLocalParseUITests */,
			);
		};
/* End PBXProject section */

/* Begin PBXResourcesBuildPhase section */
		C068798B25C3C0FE0080F673 /* Resources */ = {
			isa = PBXResourcesBuildPhase;
			buildActionMask = 2147483647;
			files = (
				C06879C425C3C11E0080F673 /* fruits.json in Resources */,
				C068799D25C3C1010080F673 /* LaunchScreen.storyboard in Resources */,
				C068799A25C3C1010080F673 /* Assets.xcassets in Resources */,
				C068799825C3C0FE0080F673 /* Main.storyboard in Resources */,
			);
			runOnlyForDeploymentPostprocessing = 0;
		};
		C06879A125C3C1010080F673 /* Resources */ = {
			isa = PBXResourcesBuildPhase;
			buildActionMask = 2147483647;
			files = (
			);
			runOnlyForDeploymentPostprocessing = 0;
		};
		C06879AC25C3C1010080F673 /* Resources */ = {
			isa = PBXResourcesBuildPhase;
			buildActionMask = 2147483647;
			files = (
			);
			runOnlyForDeploymentPostprocessing = 0;
		};
/* End PBXResourcesBuildPhase section */

/* Begin PBXSourcesBuildPhase section */
		C068798925C3C0FE0080F673 /* Sources */ = {
			isa = PBXSourcesBuildPhase;
			buildActionMask = 2147483647;
			files = (
				C068799525C3C0FE0080F673 /* ViewController.swift in Sources */,
				C06879CE25C3C2E30080F673 /* fruits.swift in Sources */,
				C068799125C3C0FE0080F673 /* AppDelegate.swift in Sources */,
				C06879C925C3C2AE0080F673 /* fruitTableViewController.swift in Sources */,
				C068799325C3C0FE0080F673 /* SceneDelegate.swift in Sources */,
			);
			runOnlyForDeploymentPostprocessing = 0;
		};
		C068799F25C3C1010080F673 /* Sources */ = {
			isa = PBXSourcesBuildPhase;
			buildActionMask = 2147483647;
			files = (
				C06879A825C3C1010080F673 /* JsonLocalParseTests.swift in Sources */,
			);
			runOnlyForDeploymentPostprocessing = 0;
		};
		C06879AA25C3C1010080F673 /* Sources */ = {
			isa = PBXSourcesBuildPhase;
			buildActionMask = 2147483647;
			files = (
				C06879B325C3C1010080F673 /* JsonLocalParseUITests.swift in Sources */,
			);
			runOnlyForDeploymentPostprocessing = 0;
		};
/* End PBXSourcesBuildPhase section */

/* Begin PBXTargetDependency section */
		C06879A525C3C1010080F673 /* PBXTargetDependency */ = {
			isa = PBXTargetDependency;
			target = C068798C25C3C0FE0080F673 /* JsonLocalParse */;
			targetProxy = C06879A425C3C1010080F673 /* PBXContainerItemProxy */;
		};
		C06879B025C3C1010080F673 /* PBXTargetDependency */ = {
			isa = PBXTargetDependency;
			target = C068798C25C3C0FE0080F673 /* JsonLocalParse */;
			targetProxy = C06879AF25C3C1010080F673 /* PBXContainerItemProxy */;
		};
/* End PBXTargetDependency section */

/* Begin PBXVariantGroup section */
		C068799625C3C0FE0080F673 /* Main.storyboard */ = {
			isa = PBXVariantGroup;
			children = (
				C068799725C3C0FE0080F673 /* Base */,
			);
			name = Main.storyboard;
			sourceTree = "<group>";
		};
		C068799B25C3C1010080F673 /* LaunchScreen.storyboard */ = {
			isa = PBXVariantGroup;
			children = (
				C068799C25C3C1010080F673 /* Base */,
			);
			name = LaunchScreen.storyboard;
			sourceTree = "<group>";
		};
/* End PBXVariantGroup section */

/* Begin XCBuildConfiguration section */
		C06879B525C3C1010080F673 /* Debug */ = {
			isa = XCBuildConfiguration;
			buildSettings = {
				ALWAYS_SEARCH_USER_PATHS = NO;
				CLANG_ANALYZER_NONNULL = YES;
				CLANG_ANALYZER_NUMBER_OBJECT_CONVERSION = YES_AGGRESSIVE;
				CLANG_CXX_LANGUAGE_STANDARD = "gnu++14";
				CLANG_CXX_LIBRARY = "libc++";
				CLANG_ENABLE_MODULES = YES;
				CLANG_ENABLE_OBJC_ARC = YES;
				CLANG_ENABLE_OBJC_WEAK = YES;
				CLANG_WARN_BLOCK_CAPTURE_AUTORELEASING = YES;
				CLANG_WARN_BOOL_CONVERSION = YES;
				CLANG_WARN_COMMA = YES;
				CLANG_WARN_CONSTANT_CONVERSION = YES;
				CLANG_WARN_DEPRECATED_OBJC_IMPLEMENTATIONS = YES;
				CLANG_WARN_DIRECT_OBJC_ISA_USAGE = YES_ERROR;
				CLANG_WARN_DOCUMENTATION_COMMENTS = YES;
				CLANG_WARN_EMPTY_BODY = YES;
				CLANG_WARN_ENUM_CONVERSION = YES;
				CLANG_WARN_INFINITE_RECURSION = YES;
				CLANG_WARN_INT_CONVERSION = YES;
				CLANG_WARN_NON_LITERAL_NULL_CONVERSION = YES;
				CLANG_WARN_OBJC_IMPLICIT_RETAIN_SELF = YES;
				CLANG_WARN_OBJC_LITERAL_CONVERSION = YES;
				CLANG_WARN_OBJC_ROOT_CLASS = YES_ERROR;
				CLANG_WARN_QUOTED_INCLUDE_IN_FRAMEWORK_HEADER = YES;
				CLANG_WARN_RANGE_LOOP_ANALYSIS = YES;
				CLANG_WARN_STRICT_PROTOTYPES = YES;
				CLANG_WARN_SUSPICIOUS_MOVE = YES;
				CLANG_WARN_UNGUARDED_AVAILABILITY = YES_AGGRESSIVE;
				CLANG_WARN_UNREACHABLE_CODE = YES;
				CLANG_WARN__DUPLICATE_METHOD_MATCH = YES;
				COPY_PHASE_STRIP = NO;
				DEBUG_INFORMATION_FORMAT = dwarf;
				ENABLE_STRICT_OBJC_MSGSEND = YES;
				ENABLE_TESTABILITY = YES;
				GCC_C_LANGUAGE_STANDARD = gnu11;
				GCC_DYNAMIC_NO_PIC = NO;
				GCC_NO_COMMON_BLOCKS = YES;
				GCC_OPTIMIZATION_LEVEL = 0;
				GCC_PREPROCESSOR_DEFINITIONS = (
					"DEBUG=1",
					"$(inherited)",
				);
				GCC_WARN_64_TO_32_BIT_CONVERSION = YES;
				GCC_WARN_ABOUT_RETURN_TYPE = YES_ERROR;
				GCC_WARN_UNDECLARED_SELECTOR = YES;
				GCC_WARN_UNINITIALIZED_AUTOS = YES_AGGRESSIVE;
				GCC_WARN_UNUSED_FUNCTION = YES;
				GCC_WARN_UNUSED_VARIABLE = YES;
				IPHONEOS_DEPLOYMENT_TARGET = 14.3;
				MTL_ENABLE_DEBUG_INFO = INCLUDE_SOURCE;
				MTL_FAST_MATH = YES;
				ONLY_ACTIVE_ARCH = YES;
				SDKROOT = iphoneos;
				SWIFT_ACTIVE_COMPILATION_CONDITIONS = DEBUG;
				SWIFT_OPTIMIZATION_LEVEL = "-Onone";
			};
			name = Debug;
		};
		C06879B625C3C1010080F673 /* Release */ = {
			isa = XCBuildConfiguration;
			buildSettings = {
				ALWAYS_SEARCH_USER_PATHS = NO;
				CLANG_ANALYZER_NONNULL = YES;
				CLANG_ANALYZER_NUMBER_OBJECT_CONVERSION = YES_AGGRESSIVE;
				CLANG_CXX_LANGUAGE_STANDARD = "gnu++14";
				CLANG_CXX_LIBRARY = "libc++";
				CLANG_ENABLE_MODULES = YES;
				CLANG_ENABLE_OBJC_ARC = YES;
				CLANG_ENABLE_OBJC_WEAK = YES;
				CLANG_WARN_BLOCK_CAPTURE_AUTORELEASING = YES;
				CLANG_WARN_BOOL_CONVERSION = YES;
				CLANG_WARN_COMMA = YES;
				CLANG_WARN_CONSTANT_CONVERSION = YES;
				CLANG_WARN_DEPRECATED_OBJC_IMPLEMENTATIONS = YES;
				CLANG_WARN_DIRECT_OBJC_ISA_USAGE = YES_ERROR;
				CLANG_WARN_DOCUMENTATION_COMMENTS = YES;
				CLANG_WARN_EMPTY_BODY = YES;
				CLANG_WARN_ENUM_CONVERSION = YES;
				CLANG_WARN_INFINITE_RECURSION = YES;
				CLANG_WARN_INT_CONVERSION = YES;
				CLANG_WARN_NON_LITERAL_NULL_CONVERSION = YES;
				CLANG_WARN_OBJC_IMPLICIT_RETAIN_SELF = YES;
				CLANG_WARN_OBJC_LITERAL_CONVERSION = YES;
				CLANG_WARN_OBJC_ROOT_CLASS = YES_ERROR;
				CLANG_WARN_QUOTED_INCLUDE_IN_FRAMEWORK_HEADER = YES;
				CLANG_WARN_RANGE_LOOP_ANALYSIS = YES;
				CLANG_WARN_STRICT_PROTOTYPES = YES;
				CLANG_WARN_SUSPICIOUS_MOVE = YES;
				CLANG_WARN_UNGUARDED_AVAILABILITY = YES_AGGRESSIVE;
				CLANG_WARN_UNREACHABLE_CODE = YES;
				CLANG_WARN__DUPLICATE_METHOD_MATCH = YES;
				COPY_PHASE_STRIP = NO;
				DEBUG_INFORMATION_FORMAT = "dwarf-with-dsym";
				ENABLE_NS_ASSERTIONS = NO;
				ENABLE_STRICT_OBJC_MSGSEND = YES;
				GCC_C_LANGUAGE_STANDARD = gnu11;
				GCC_NO_COMMON_BLOCKS = YES;
				GCC_WARN_64_TO_32_BIT_CONVERSION = YES;
				GCC_WARN_ABOUT_RETURN_TYPE = YES_ERROR;
				GCC_WARN_UNDECLARED_SELECTOR = YES;
				GCC_WARN_UNINITIALIZED_AUTOS = YES_AGGRESSIVE;
				GCC_WARN_UNUSED_FUNCTION = YES;
				GCC_WARN_UNUSED_VARIABLE = YES;
				IPHONEOS_DEPLOYMENT_TARGET = 14.3;
				MTL_ENABLE_DEBUG_INFO = NO;
				MTL_FAST_MATH = YES;
				SDKROOT = iphoneos;
				SWIFT_COMPILATION_MODE = wholemodule;
				SWIFT_OPTIMIZATION_LEVEL = "-O";
				VALIDATE_PRODUCT = YES;
			};
			name = Release;
		};
		C06879B825C3C1010080F673 /* Debug */ = {
			isa = XCBuildConfiguration;
			buildSettings = {
				ASSETCATALOG_COMPILER_APPICON_NAME = AppIcon;
				ASSETCATALOG_COMPILER_GLOBAL_ACCENT_COLOR_NAME = AccentColor;
				CODE_SIGN_STYLE = Automatic;
				DEVELOPMENT_TEAM = YWP8Q4NHRA;
				INFOPLIST_FILE = JsonLocalParse/Info.plist;
				LD_RUNPATH_SEARCH_PATHS = (
					"$(inherited)",
					"@executable_path/Frameworks",
				);
				PRODUCT_BUNDLE_IDENTIFIER = com.josemanuel.JsonLocalParse;
				PRODUCT_NAME = "$(TARGET_NAME)";
				SWIFT_VERSION = 5.0;
				TARGETED_DEVICE_FAMILY = "1,2";
			};
			name = Debug;
		};
		C06879B925C3C1010080F673 /* Release */ = {
			isa = XCBuildConfiguration;
			buildSettings = {
				ASSETCATALOG_COMPILER_APPICON_NAME = AppIcon;
				ASSETCATALOG_COMPILER_GLOBAL_ACCENT_COLOR_NAME = AccentColor;
				CODE_SIGN_STYLE = Automatic;
				DEVELOPMENT_TEAM = YWP8Q4NHRA;
				INFOPLIST_FILE = JsonLocalParse/Info.plist;
				LD_RUNPATH_SEARCH_PATHS = (
					"$(inherited)",
					"@executable_path/Frameworks",
				);
				PRODUCT_BUNDLE_IDENTIFIER = com.josemanuel.JsonLocalParse;
				PRODUCT_NAME = "$(TARGET_NAME)";
				SWIFT_VERSION = 5.0;
				TARGETED_DEVICE_FAMILY = "1,2";
			};
			name = Release;
		};
		C06879BB25C3C1010080F673 /* Debug */ = {
			isa = XCBuildConfiguration;
			buildSettings = {
				ALWAYS_EMBED_SWIFT_STANDARD_LIBRARIES = YES;
				BUNDLE_LOADER = "$(TEST_HOST)";
				CODE_SIGN_STYLE = Automatic;
				DEVELOPMENT_TEAM = YWP8Q4NHRA;
				INFOPLIST_FILE = JsonLocalParseTests/Info.plist;
				IPHONEOS_DEPLOYMENT_TARGET = 14.3;
				LD_RUNPATH_SEARCH_PATHS = (
					"$(inherited)",
					"@executable_path/Frameworks",
					"@loader_path/Frameworks",
				);
				PRODUCT_BUNDLE_IDENTIFIER = com.josemanuel.JsonLocalParseTests;
				PRODUCT_NAME = "$(TARGET_NAME)";
				SWIFT_VERSION = 5.0;
				TARGETED_DEVICE_FAMILY = "1,2";
				TEST_HOST = "$(BUILT_PRODUCTS_DIR)/JsonLocalParse.app/JsonLocalParse";
			};
			name = Debug;
		};
		C06879BC25C3C1010080F673 /* Release */ = {
			isa = XCBuildConfiguration;
			buildSettings = {
				ALWAYS_EMBED_SWIFT_STANDARD_LIBRARIES = YES;
				BUNDLE_LOADER = "$(TEST_HOST)";
				CODE_SIGN_STYLE = Automatic;
				DEVELOPMENT_TEAM = YWP8Q4NHRA;
				INFOPLIST_FILE = JsonLocalParseTests/Info.plist;
				IPHONEOS_DEPLOYMENT_TARGET = 14.3;
				LD_RUNPATH_SEARCH_PATHS = (
					"$(inherited)",
					"@executable_path/Frameworks",
					"@loader_path/Frameworks",
				);
				PRODUCT_BUNDLE_IDENTIFIER = com.josemanuel.JsonLocalParseTests;
				PRODUCT_NAME = "$(TARGET_NAME)";
				SWIFT_VERSION = 5.0;
				TARGETED_DEVICE_FAMILY = "1,2";
				TEST_HOST = "$(BUILT_PRODUCTS_DIR)/JsonLocalParse.app/JsonLocalParse";
			};
			name = Release;
		};
		C06879BE25C3C1010080F673 /* Debug */ = {
			isa = XCBuildConfiguration;
			buildSettings = {
				ALWAYS_EMBED_SWIFT_STANDARD_LIBRARIES = YES;
				CODE_SIGN_STYLE = Automatic;
				DEVELOPMENT_TEAM = YWP8Q4NHRA;
				INFOPLIST_FILE = JsonLocalParseUITests/Info.plist;
				LD_RUNPATH_SEARCH_PATHS = (
					"$(inherited)",
					"@executable_path/Frameworks",
					"@loader_path/Frameworks",
				);
				PRODUCT_BUNDLE_IDENTIFIER = com.josemanuel.JsonLocalParseUITests;
				PRODUCT_NAME = "$(TARGET_NAME)";
				SWIFT_VERSION = 5.0;
				TARGETED_DEVICE_FAMILY = "1,2";
				TEST_TARGET_NAME = JsonLocalParse;
			};
			name = Debug;
		};
		C06879BF25C3C1010080F673 /* Release */ = {
			isa = XCBuildConfiguration;
			buildSettings = {
				ALWAYS_EMBED_SWIFT_STANDARD_LIBRARIES = YES;
				CODE_SIGN_STYLE = Automatic;
				DEVELOPMENT_TEAM = YWP8Q4NHRA;
				INFOPLIST_FILE = JsonLocalParseUITests/Info.plist;
				LD_RUNPATH_SEARCH_PATHS = (
					"$(inherited)",
					"@executable_path/Frameworks",
					"@loader_path/Frameworks",
				);
				PRODUCT_BUNDLE_IDENTIFIER = com.josemanuel.JsonLocalParseUITests;
				PRODUCT_NAME = "$(TARGET_NAME)";
				SWIFT_VERSION = 5.0;
				TARGETED_DEVICE_FAMILY = "1,2";
				TEST_TARGET_NAME = JsonLocalParse;
			};
			name = Release;
		};
/* End XCBuildConfiguration section */

/* Begin XCConfigurationList section */
		C068798825C3C0FE0080F673 /* Build configuration list for PBXProject "JsonLocalParse" */ = {
			isa = XCConfigurationList;
			buildConfigurations = (
				C06879B525C3C1010080F673 /* Debug */,
				C06879B625C3C1010080F673 /* Release */,
			);
			defaultConfigurationIsVisible = 0;
			defaultConfigurationName = Release;
		};
		C06879B725C3C1010080F673 /* Build configuration list for PBXNativeTarget "JsonLocalParse" */ = {
			isa = XCConfigurationList;
			buildConfigurations = (
				C06879B825C3C1010080F673 /* Debug */,
				C06879B925C3C1010080F673 /* Release */,
			);
			defaultConfigurationIsVisible = 0;
			defaultConfigurationName = Release;
		};
		C06879BA25C3C1010080F673 /* Build configuration list for PBXNativeTarget "JsonLocalParseTests" */ = {
			isa = XCConfigurationList;
			buildConfigurations = (
				C06879BB25C3C1010080F673 /* Debug */,
				C06879BC25C3C1010080F673 /* Release */,
			);
			defaultConfigurationIsVisible = 0;
			defaultConfigurationName = Release;
		};
		C06879BD25C3C1010080F673 /* Build configuration list for PBXNativeTarget "JsonLocalParseUITests" */ = {
			isa = XCConfigurationList;
			buildConfigurations = (
				C06879BE25C3C1010080F673 /* Debug */,
				C06879BF25C3C1010080F673 /* Release */,
			);
			defaultConfigurationIsVisible = 0;
			defaultConfigurationName = Release;
		};
/* End XCConfigurationList section */
	};
	rootObject = C068798525C3C0FE0080F673 /* Project object */;
}
